
Microsoft Visual Studio Solution File, Format Version 12.00
# Visual Studio Version 17
VisualStudioVersion = 17.5.33516.290
MinimumVisualStudioVersion = 10.0.40219.1
Project("{9A19103F-16F7-4668-BE54-9A1E7A4F7556}") = "AdabFest_Admin", "AdabFest_Admin.csproj", "{0FAF8679-E55B-46AC-B1E2-DBC56507BEFD}"
EndProject
Global
	GlobalSection(SolutionConfigurationPlatforms) = preSolution
		Debug|Any CPU = Debug|Any CPU
		Release|Any CPU = Release|Any CPU
	EndGlobalSection
	GlobalSection(ProjectConfigurationPlatforms) = postSolution
		{0FAF8679-E55B-46AC-B1E2-DBC56507BEFD}.Debug|Any CPU.ActiveCfg = Debug|Any CPU
		{0FAF8679-E55B-46AC-B1E2-DBC56507BEFD}.Debug|Any CPU.Build.0 = Debug|Any CPU
		{0FAF8679-E55B-46AC-B1E2-DBC56507BEFD}.Release|Any CPU.ActiveCfg = Release|Any CPU
		{0FAF8679-E55B-46AC-B1E2-DBC56507BEFD}.Release|Any CPU.Build.0 = Release|Any CPU
	EndGlobalSection
	GlobalSection(SolutionProperties) = preSolution
		HideSolutionNode = FALSE
	EndGlobalSection
	GlobalSection(ExtensibilityGlobals) = postSolution
		SolutionGuid = {86C9D7A4-93CD-418C-8ABF-4DDB32C4FD67}
	EndGlobalSection
EndGlobal
